// !$*UTF8*$!
{
	archiveVersion = 1;
	classes = {
	};
	objectVersion = 50;
	objects = {

/* Begin PBXBuildFile section */
		FE2CF8022330CE1300F7A3AA /* AppDelegate.swift in Sources */ = {isa = PBXBuildFile; fileRef = FE2CF8012330CE1300F7A3AA /* AppDelegate.swift */; };
		FE2CF8042330CE1300F7A3AA /* ViewController.swift in Sources */ = {isa = PBXBuildFile; fileRef = FE2CF8032330CE1300F7A3AA /* ViewController.swift */; };
		FE2CF8072330CE1300F7A3AA /* Main.storyboard in Resources */ = {isa = PBXBuildFile; fileRef = FE2CF8052330CE1300F7A3AA /* Main.storyboard */; };
		FE2CF8092330CE1400F7A3AA /* Assets.xcassets in Resources */ = {isa = PBXBuildFile; fileRef = FE2CF8082330CE1400F7A3AA /* Assets.xcassets */; };
		FE2CF80C2330CE1400F7A3AA /* LaunchScreen.storyboard in Resources */ = {isa = PBXBuildFile; fileRef = FE2CF80A2330CE1400F7A3AA /* LaunchScreen.storyboard */; };
		FE2CF83223331AF800F7A3AA /* UserModel.swift in Sources */ = {isa = PBXBuildFile; fileRef = FE2CF83123331AF800F7A3AA /* UserModel.swift */; };
		FE2CF8362333263800F7A3AA /* SettingViewController.swift in Sources */ = {isa = PBXBuildFile; fileRef = FE2CF8352333263800F7A3AA /* SettingViewController.swift */; };
		FE2CF84023336EAB00F7A3AA /* analog-watch-alarm.wav in Resources */ = {isa = PBXBuildFile; fileRef = FE2CF83F23336EAB00F7A3AA /* analog-watch-alarm.wav */; };
/* End PBXBuildFile section */

/* Begin PBXFileReference section */
		FE2CF7FE2330CE1300F7A3AA /* OnTime.app */ = {isa = PBXFileReference; explicitFileType = wrapper.application; includeInIndex = 0; path = OnTime.app; sourceTree = BUILT_PRODUCTS_DIR; };
		FE2CF8012330CE1300F7A3AA /* AppDelegate.swift */ = {isa = PBXFileReference; lastKnownFileType = sourcecode.swift; path = AppDelegate.swift; sourceTree = "<group>"; };
		FE2CF8032330CE1300F7A3AA /* ViewController.swift */ = {isa = PBXFileReference; lastKnownFileType = sourcecode.swift; path = ViewController.swift; sourceTree = "<group>"; };
		FE2CF8062330CE1300F7A3AA /* Base */ = {isa = PBXFileReference; lastKnownFileType = file.storyboard; name = Base; path = Base.lproj/Main.storyboard; sourceTree = "<group>"; };
		FE2CF8082330CE1400F7A3AA /* Assets.xcassets */ = {isa = PBXFileReference; lastKnownFileType = folder.assetcatalog; path = Assets.xcassets; sourceTree = "<group>"; };
		FE2CF80B2330CE1400F7A3AA /* Base */ = {isa = PBXFileReference; lastKnownFileType = file.storyboard; name = Base; path = Base.lproj/LaunchScreen.storyboard; sourceTree = "<group>"; };
		FE2CF80D2330CE1400F7A3AA /* Info.plist */ = {isa = PBXFileReference; lastKnownFileType = text.plist.xml; path = Info.plist; sourceTree = "<group>"; };
		FE2CF83123331AF800F7A3AA /* UserModel.swift */ = {isa = PBXFileReference; lastKnownFileType = sourcecode.swift; path = UserModel.swift; sourceTree = "<group>"; };
		FE2CF8352333263800F7A3AA /* SettingViewController.swift */ = {isa = PBXFileReference; lastKnownFileType = sourcecode.swift; path = SettingViewController.swift; sourceTree = "<group>"; };
		FE2CF83F23336EAB00F7A3AA /* analog-watch-alarm.wav */ = {isa = PBXFileReference; lastKnownFileType = audio.wav; path = "analog-watch-alarm.wav"; sourceTree = "<group>"; };
/* End PBXFileReference section */

/* Begin PBXFrameworksBuildPhase section */
		FE2CF7FB2330CE1300F7A3AA /* Frameworks */ = {
			isa = PBXFrameworksBuildPhase;
			buildActionMask = 2147483647;
			files = (
			);
			runOnlyForDeploymentPostprocessing = 0;
		};
/* End PBXFrameworksBuildPhase section */

/* Begin PBXGroup section */
		FE2CF7F52330CE1300F7A3AA = {
			isa = PBXGroup;
			children = (
				FE2CF8002330CE1300F7A3AA /* OnTime */,
				FE2CF7FF2330CE1300F7A3AA /* Products */,
				FE2CF83E23336EAB00F7A3AA /* Music */,
			);
			sourceTree = "<group>";
		};
		FE2CF7FF2330CE1300F7A3AA /* Products */ = {
			isa = PBXGroup;
			children = (
				FE2CF7FE2330CE1300F7A3AA /* OnTime.app */,
			);
			name = Products;
			sourceTree = "<group>";
		};
		FE2CF8002330CE1300F7A3AA /* OnTime */ = {
			isa = PBXGroup;
			children = (
				FE2CF8012330CE1300F7A3AA /* AppDelegate.swift */,
				FE2CF8032330CE1300F7A3AA /* ViewController.swift */,
				FE2CF83123331AF800F7A3AA /* UserModel.swift */,
				FE2CF8052330CE1300F7A3AA /* Main.storyboard */,
				FE2CF8352333263800F7A3AA /* SettingViewController.swift */,
				FE2CF8082330CE1400F7A3AA /* Assets.xcassets */,
				FE2CF80A2330CE1400F7A3AA /* LaunchScreen.storyboard */,
				FE2CF80D2330CE1400F7A3AA /* Info.plist */,
			);
			path = OnTime;
			sourceTree = "<group>";
		};
		FE2CF83E23336EAB00F7A3AA /* Music */ = {
			isa = PBXGroup;
			children = (
				FE2CF83F23336EAB00F7A3AA /* analog-watch-alarm.wav */,
			);
			path = Music;
			sourceTree = "<group>";
		};
/* End PBXGroup section */

/* Begin PBXNativeTarget section */
		FE2CF7FD2330CE1300F7A3AA /* OnTime */ = {
			isa = PBXNativeTarget;
			buildConfigurationList = FE2CF8102330CE1400F7A3AA /* Build configuration list for PBXNativeTarget "OnTime" */;
			buildPhases = (
				FE2CF7FA2330CE1300F7A3AA /* Sources */,
				FE2CF7FB2330CE1300F7A3AA /* Frameworks */,
				FE2CF7FC2330CE1300F7A3AA /* Resources */,
			);
			buildRules = (
			);
			dependencies = (
			);
			name = OnTime;
			productName = OnTime;
			productReference = FE2CF7FE2330CE1300F7A3AA /* OnTime.app */;
			productType = "com.apple.product-type.application";
		};
/* End PBXNativeTarget section */

/* Begin PBXProject section */
		FE2CF7F62330CE1300F7A3AA /* Project object */ = {
			isa = PBXProject;
			attributes = {
				LastSwiftUpdateCheck = 1020;
				LastUpgradeCheck = 1020;
				ORGANIZATIONNAME = "Leonnardo Benjamin Hutama";
				TargetAttributes = {
					FE2CF7FD2330CE1300F7A3AA = {
						CreatedOnToolsVersion = 10.2.1;
						SystemCapabilities = {
							com.apple.BackgroundModes = {
								enabled = 1;
							};
						};
					};
				};
			};
			buildConfigurationList = FE2CF7F92330CE1300F7A3AA /* Build configuration list for PBXProject "OnTime" */;
			compatibilityVersion = "Xcode 9.3";
			developmentRegion = en;
			hasScannedForEncodings = 0;
			knownRegions = (
				en,
				Base,
			);
			mainGroup = FE2CF7F52330CE1300F7A3AA;
			productRefGroup = FE2CF7FF2330CE1300F7A3AA /* Products */;
			projectDirPath = "";
			projectRoot = "";
			targets = (
				FE2CF7FD2330CE1300F7A3AA /* OnTime */,
			);
		};
/* End PBXProject section */

/* Begin PBXResourcesBuildPhase section */
		FE2CF7FC2330CE1300F7A3AA /* Resources */ = {
			isa = PBXResourcesBuildPhase;
			buildActionMask = 2147483647;
			files = (
				FE2CF80C2330CE1400F7A3AA /* LaunchScreen.storyboard in Resources */,
				FE2CF8092330CE1400F7A3AA /* Assets.xcassets in Resources */,
				FE2CF84023336EAB00F7A3AA /* analog-watch-alarm.wav in Resources */,
				FE2CF8072330CE1300F7A3AA /* Main.storyboard in Resources */,
			);
			runOnlyForDeploymentPostprocessing = 0;
		};
/* End PBXResourcesBuildPhase section */

/* Begin PBXSourcesBuildPhase section */
		FE2CF7FA2330CE1300F7A3AA /* Sources */ = {
			isa = PBXSourcesBuildPhase;
			buildActionMask = 2147483647;
			files = (
				FE2CF8042330CE1300F7A3AA /* ViewController.swift in Sources */,
				FE2CF83223331AF800F7A3AA /* UserModel.swift in Sources */,
				FE2CF8022330CE1300F7A3AA /* AppDelegate.swift in Sources */,
				FE2CF8362333263800F7A3AA /* SettingViewController.swift in Sources */,
			);
			runOnlyForDeploymentPostprocessing = 0;
		};
/* End PBXSourcesBuildPhase section */

/* Begin PBXVariantGroup section */
		FE2CF8052330CE1300F7A3AA /* Main.storyboard */ = {
			isa = PBXVariantGroup;
			children = (
				FE2CF8062330CE1300F7A3AA /* Base */,
			);
			name = Main.storyboard;
			sourceTree = "<group>";
		};
		FE2CF80A2330CE1400F7A3AA /* LaunchScreen.storyboard */ = {
			isa = PBXVariantGroup;
			children = (
				FE2CF80B2330CE1400F7A3AA /* Base */,
			);
			name = LaunchScreen.storyboard;
			sourceTree = "<group>";
		};
/* End PBXVariantGroup section */

/* Begin XCBuildConfiguration section */
		FE2CF80E2330CE1400F7A3AA /* Debug */ = {
			isa = XCBuildConfiguration;
			buildSettings = {
				ALWAYS_SEARCH_USER_PATHS = NO;
				CLANG_ANALYZER_NONNULL = YES;
				CLANG_ANALYZER_NUMBER_OBJECT_CONVERSION = YES_AGGRESSIVE;
				CLANG_CXX_LANGUAGE_STANDARD = "gnu++14";
				CLANG_CXX_LIBRARY = "libc++";
				CLANG_ENABLE_MODULES = YES;
				CLANG_ENABLE_OBJC_ARC = YES;
				CLANG_ENABLE_OBJC_WEAK = YES;
				CLANG_WARN_BLOCK_CAPTURE_AUTORELEASING = YES;
				CLANG_WARN_BOOL_CONVERSION = YES;
				CLANG_WARN_COMMA = YES;
				CLANG_WARN_CONSTANT_CONVERSION = YES;
				CLANG_WARN_DEPRECATED_OBJC_IMPLEMENTATIONS = YES;
				CLANG_WARN_DIRECT_OBJC_ISA_USAGE = YES_ERROR;
				CLANG_WARN_DOCUMENTATION_COMMENTS = YES;
				CLANG_WARN_EMPTY_BODY = YES;
				CLANG_WARN_ENUM_CONVERSION = YES;
				CLANG_WARN_INFINITE_RECURSION = YES;
				CLANG_WARN_INT_CONVERSION = YES;
				CLANG_WARN_NON_LITERAL_NULL_CONVERSION = YES;
				CLANG_WARN_OBJC_IMPLICIT_RETAIN_SELF = YES;
				CLANG_WARN_OBJC_LITERAL_CONVERSION = YES;
				CLANG_WARN_OBJC_ROOT_CLASS = YES_ERROR;
				CLANG_WARN_RANGE_LOOP_ANALYSIS = YES;
				CLANG_WARN_STRICT_PROTOTYPES = YES;
				CLANG_WARN_SUSPICIOUS_MOVE = YES;
				CLANG_WARN_UNGUARDED_AVAILABILITY = YES_AGGRESSIVE;
				CLANG_WARN_UNREACHABLE_CODE = YES;
				CLANG_WARN__DUPLICATE_METHOD_MATCH = YES;
				CODE_SIGN_IDENTITY = "iPhone Developer";
				COPY_PHASE_STRIP = NO;
				DEBUG_INFORMATION_FORMAT = dwarf;
				ENABLE_STRICT_OBJC_MSGSEND = YES;
				ENABLE_TESTABILITY = YES;
				GCC_C_LANGUAGE_STANDARD = gnu11;
				GCC_DYNAMIC_NO_PIC = NO;
				GCC_NO_COMMON_BLOCKS = YES;
				GCC_OPTIMIZATION_LEVEL = 0;
				GCC_PREPROCESSOR_DEFINITIONS = (
					"DEBUG=1",
					"$(inherited)",
				);
				GCC_WARN_64_TO_32_BIT_CONVERSION = YES;
				GCC_WARN_ABOUT_RETURN_TYPE = YES_ERROR;
				GCC_WARN_UNDECLARED_SELECTOR = YES;
				GCC_WARN_UNINITIALIZED_AUTOS = YES_AGGRESSIVE;
				GCC_WARN_UNUSED_FUNCTION = YES;
				GCC_WARN_UNUSED_VARIABLE = YES;
				IPHONEOS_DEPLOYMENT_TARGET = 12.2;
				MTL_ENABLE_DEBUG_INFO = INCLUDE_SOURCE;
				MTL_FAST_MATH = YES;
				ONLY_ACTIVE_ARCH = YES;
				SDKROOT = iphoneos;
				SWIFT_ACTIVE_COMPILATION_CONDITIONS = DEBUG;
				SWIFT_OPTIMIZATION_LEVEL = "-Onone";
			};
			name = Debug;
		};
		FE2CF80F2330CE1400F7A3AA /* Release */ = {
			isa = XCBuildConfiguration;
			buildSettings = {
				ALWAYS_SEARCH_USER_PATHS = NO;
				CLANG_ANALYZER_NONNULL = YES;
				CLANG_ANALYZER_NUMBER_OBJECT_CONVERSION = YES_AGGRESSIVE;
				CLANG_CXX_LANGUAGE_STANDARD = "gnu++14";
				CLANG_CXX_LIBRARY = "libc++";
				CLANG_ENABLE_MODULES = YES;
				CLANG_ENABLE_OBJC_ARC = YES;
				CLANG_ENABLE_OBJC_WEAK = YES;
				CLANG_WARN_BLOCK_CAPTURE_AUTORELEASING = YES;
				CLANG_WARN_BOOL_CONVERSION = YES;
				CLANG_WARN_COMMA = YES;
				CLANG_WARN_CONSTANT_CONVERSION = YES;
				CLANG_WARN_DEPRECATED_OBJC_IMPLEMENTATIONS = YES;
				CLANG_WARN_DIRECT_OBJC_ISA_USAGE = YES_ERROR;
				CLANG_WARN_DOCUMENTATION_COMMENTS = YES;
				CLANG_WARN_EMPTY_BODY = YES;
				CLANG_WARN_ENUM_CONVERSION = YES;
				CLANG_WARN_INFINITE_RECURSION = YES;
				CLANG_WARN_INT_CONVERSION = YES;
				CLANG_WARN_NON_LITERAL_NULL_CONVERSION = YES;
				CLANG_WARN_OBJC_IMPLICIT_RETAIN_SELF = YES;
				CLANG_WARN_OBJC_LITERAL_CONVERSION = YES;
				CLANG_WARN_OBJC_ROOT_CLASS = YES_ERROR;
				CLANG_WARN_RANGE_LOOP_ANALYSIS = YES;
				CLANG_WARN_STRICT_PROTOTYPES = YES;
				CLANG_WARN_SUSPICIOUS_MOVE = YES;
				CLANG_WARN_UNGUARDED_AVAILABILITY = YES_AGGRESSIVE;
				CLANG_WARN_UNREACHABLE_CODE = YES;
				CLANG_WARN__DUPLICATE_METHOD_MATCH = YES;
				CODE_SIGN_IDENTITY = "iPhone Developer";
				COPY_PHASE_STRIP = NO;
				DEBUG_INFORMATION_FORMAT = "dwarf-with-dsym";
				ENABLE_NS_ASSERTIONS = NO;
				ENABLE_STRICT_OBJC_MSGSEND = YES;
				GCC_C_LANGUAGE_STANDARD = gnu11;
				GCC_NO_COMMON_BLOCKS = YES;
				GCC_WARN_64_TO_32_BIT_CONVERSION = YES;
				GCC_WARN_ABOUT_RETURN_TYPE = YES_ERROR;
				GCC_WARN_UNDECLARED_SELECTOR = YES;
				GCC_WARN_UNINITIALIZED_AUTOS = YES_AGGRESSIVE;
				GCC_WARN_UNUSED_FUNCTION = YES;
				GCC_WARN_UNUSED_VARIABLE = YES;
				IPHONEOS_DEPLOYMENT_TARGET = 12.2;
				MTL_ENABLE_DEBUG_INFO = NO;
				MTL_FAST_MATH = YES;
				SDKROOT = iphoneos;
				SWIFT_COMPILATION_MODE = wholemodule;
				SWIFT_OPTIMIZATION_LEVEL = "-O";
				VALIDATE_PRODUCT = YES;
			};
			name = Release;
		};
		FE2CF8112330CE1400F7A3AA /* Debug */ = {
			isa = XCBuildConfiguration;
			buildSettings = {
				ASSETCATALOG_COMPILER_APPICON_NAME = AppIcon;
				CODE_SIGN_STYLE = Automatic;
				DEVELOPMENT_TEAM = MZRSNJ29G3;
				INFOPLIST_FILE = OnTime/Info.plist;
				LD_RUNPATH_SEARCH_PATHS = (
					"$(inherited)",
					"@executable_path/Frameworks",
				);
				PRODUCT_BUNDLE_IDENTIFIER = com.leonn.OnTime;
				PRODUCT_NAME = "$(TARGET_NAME)";
				SWIFT_VERSION = 5.0;
				TARGETED_DEVICE_FAMILY = "1,2";
			};
			name = Debug;
		};
		FE2CF8122330CE1400F7A3AA /* Release */ = {
			isa = XCBuildConfiguration;
			buildSettings = {
				ASSETCATALOG_COMPILER_APPICON_NAME = AppIcon;
				CODE_SIGN_STYLE = Automatic;
				DEVELOPMENT_TEAM = MZRSNJ29G3;
				INFOPLIST_FILE = OnTime/Info.plist;
				LD_RUNPATH_SEARCH_PATHS = (
					"$(inherited)",
					"@executable_path/Frameworks",
				);
				PRODUCT_BUNDLE_IDENTIFIER = com.leonn.OnTime;
				PRODUCT_NAME = "$(TARGET_NAME)";
				SWIFT_VERSION = 5.0;
				TARGETED_DEVICE_FAMILY = "1,2";
			};
			name = Release;
		};
/* End XCBuildConfiguration section */

/* Begin XCConfigurationList section */
		FE2CF7F92330CE1300F7A3AA /* Build configuration list for PBXProject "OnTime" */ = {
			isa = XCConfigurationList;
			buildConfigurations = (
				FE2CF80E2330CE1400F7A3AA /* Debug */,
				FE2CF80F2330CE1400F7A3AA /* Release */,
			);
			defaultConfigurationIsVisible = 0;
			defaultConfigurationName = Release;
		};
		FE2CF8102330CE1400F7A3AA /* Build configuration list for PBXNativeTarget "OnTime" */ = {
			isa = XCConfigurationList;
			buildConfigurations = (
				FE2CF8112330CE1400F7A3AA /* Debug */,
				FE2CF8122330CE1400F7A3AA /* Release */,
			);
			defaultConfigurationIsVisible = 0;
			defaultConfigurationName = Release;
		};
/* End XCConfigurationList section */
	};
	rootObject = FE2CF7F62330CE1300F7A3AA /* Project object */;
}
